// !$*UTF8*$!
{
	archiveVersion = 1;
	classes = {
	};
	objectVersion = 48;
	objects = {

/* Begin PBXBuildFile section */
		5B19DA7A1FB17BC1005831B6 /* AppDelegate.swift in Sources */ = {isa = PBXBuildFile; fileRef = 5B19DA791FB17BC1005831B6 /* AppDelegate.swift */; };
		5B19DA7F1FB17BC1005831B6 /* Main.storyboard in Resources */ = {isa = PBXBuildFile; fileRef = 5B19DA7D1FB17BC1005831B6 /* Main.storyboard */; };
		5B19DA811FB17BC1005831B6 /* Assets.xcassets in Resources */ = {isa = PBXBuildFile; fileRef = 5B19DA801FB17BC1005831B6 /* Assets.xcassets */; };
		5B19DA841FB17BC1005831B6 /* LaunchScreen.storyboard in Resources */ = {isa = PBXBuildFile; fileRef = 5B19DA821FB17BC1005831B6 /* LaunchScreen.storyboard */; };
		5B19DA8F1FB27D79005831B6 /* SWRevealViewController.m in Sources */ = {isa = PBXBuildFile; fileRef = 5B19DA8D1FB27D79005831B6 /* SWRevealViewController.m */; };
		5B19DA941FB28083005831B6 /* ChatVC.swift in Sources */ = {isa = PBXBuildFile; fileRef = 5B19DA931FB28083005831B6 /* ChatVC.swift */; };
		5B19DA961FB28096005831B6 /* ChannelVC.swift in Sources */ = {isa = PBXBuildFile; fileRef = 5B19DA951FB28096005831B6 /* ChannelVC.swift */; };
		5B19DA981FB285F6005831B6 /* GradientView.swift in Sources */ = {isa = PBXBuildFile; fileRef = 5B19DA971FB285F6005831B6 /* GradientView.swift */; };
		5B84B9F61FBA7F0300F44A2E /* AuthService.swift in Sources */ = {isa = PBXBuildFile; fileRef = 5B84B9F51FBA7F0300F44A2E /* AuthService.swift */; };
		5B8872AC1FB2E67200E81F25 /* Constants.swift in Sources */ = {isa = PBXBuildFile; fileRef = 5B8872AB1FB2E67200E81F25 /* Constants.swift */; };
		5B962F6B1FB35680001B1EC9 /* LoginVC.swift in Sources */ = {isa = PBXBuildFile; fileRef = 5B962F6A1FB35680001B1EC9 /* LoginVC.swift */; };
		5B962F6D1FB35962001B1EC9 /* CreateAccountVC.swift in Sources */ = {isa = PBXBuildFile; fileRef = 5B962F6C1FB35962001B1EC9 /* CreateAccountVC.swift */; };
		8D8DFBFB1D0FC7AF485812AB /* Pods_Smack.framework in Frameworks */ = {isa = PBXBuildFile; fileRef = 0FBE310468D2F4289CF60B85 /* Pods_Smack.framework */; };
/* End PBXBuildFile section */

/* Begin PBXFileReference section */
		0FBE310468D2F4289CF60B85 /* Pods_Smack.framework */ = {isa = PBXFileReference; explicitFileType = wrapper.framework; includeInIndex = 0; path = Pods_Smack.framework; sourceTree = BUILT_PRODUCTS_DIR; };
		264138431EAB49890F5A50F7 /* Pods-Smack.release.xcconfig */ = {isa = PBXFileReference; includeInIndex = 1; lastKnownFileType = text.xcconfig; name = "Pods-Smack.release.xcconfig"; path = "Pods/Target Support Files/Pods-Smack/Pods-Smack.release.xcconfig"; sourceTree = "<group>"; };
		5B19DA761FB17BC1005831B6 /* Smack.app */ = {isa = PBXFileReference; explicitFileType = wrapper.application; includeInIndex = 0; path = Smack.app; sourceTree = BUILT_PRODUCTS_DIR; };
		5B19DA791FB17BC1005831B6 /* AppDelegate.swift */ = {isa = PBXFileReference; lastKnownFileType = sourcecode.swift; path = AppDelegate.swift; sourceTree = "<group>"; };
		5B19DA7E1FB17BC1005831B6 /* Base */ = {isa = PBXFileReference; lastKnownFileType = file.storyboard; name = Base; path = Base.lproj/Main.storyboard; sourceTree = "<group>"; };
		5B19DA801FB17BC1005831B6 /* Assets.xcassets */ = {isa = PBXFileReference; lastKnownFileType = folder.assetcatalog; path = Assets.xcassets; sourceTree = "<group>"; };
		5B19DA831FB17BC1005831B6 /* Base */ = {isa = PBXFileReference; lastKnownFileType = file.storyboard; name = Base; path = Base.lproj/LaunchScreen.storyboard; sourceTree = "<group>"; };
		5B19DA851FB17BC1005831B6 /* Info.plist */ = {isa = PBXFileReference; lastKnownFileType = text.plist.xml; path = Info.plist; sourceTree = "<group>"; };
		5B19DA8C1FB27D78005831B6 /* Smack-Bridging-Header.h */ = {isa = PBXFileReference; lastKnownFileType = sourcecode.c.h; path = "Smack-Bridging-Header.h"; sourceTree = "<group>"; };
		5B19DA8D1FB27D79005831B6 /* SWRevealViewController.m */ = {isa = PBXFileReference; fileEncoding = 4; lastKnownFileType = sourcecode.c.objc; path = SWRevealViewController.m; sourceTree = "<group>"; };
		5B19DA8E1FB27D79005831B6 /* SWRevealViewController.h */ = {isa = PBXFileReference; fileEncoding = 4; lastKnownFileType = sourcecode.c.h; path = SWRevealViewController.h; sourceTree = "<group>"; };
		5B19DA931FB28083005831B6 /* ChatVC.swift */ = {isa = PBXFileReference; lastKnownFileType = sourcecode.swift; path = ChatVC.swift; sourceTree = "<group>"; };
		5B19DA951FB28096005831B6 /* ChannelVC.swift */ = {isa = PBXFileReference; lastKnownFileType = sourcecode.swift; path = ChannelVC.swift; sourceTree = "<group>"; };
		5B19DA971FB285F6005831B6 /* GradientView.swift */ = {isa = PBXFileReference; lastKnownFileType = sourcecode.swift; path = GradientView.swift; sourceTree = "<group>"; };
		5B84B9F51FBA7F0300F44A2E /* AuthService.swift */ = {isa = PBXFileReference; lastKnownFileType = sourcecode.swift; path = AuthService.swift; sourceTree = "<group>"; };
		5B8872AB1FB2E67200E81F25 /* Constants.swift */ = {isa = PBXFileReference; lastKnownFileType = sourcecode.swift; path = Constants.swift; sourceTree = "<group>"; };
		5B962F6A1FB35680001B1EC9 /* LoginVC.swift */ = {isa = PBXFileReference; lastKnownFileType = sourcecode.swift; path = LoginVC.swift; sourceTree = "<group>"; };
		5B962F6C1FB35962001B1EC9 /* CreateAccountVC.swift */ = {isa = PBXFileReference; lastKnownFileType = sourcecode.swift; path = CreateAccountVC.swift; sourceTree = "<group>"; };
		B437EBE7B54F9F87752C19DF /* Pods-Smack.debug.xcconfig */ = {isa = PBXFileReference; includeInIndex = 1; lastKnownFileType = text.xcconfig; name = "Pods-Smack.debug.xcconfig"; path = "Pods/Target Support Files/Pods-Smack/Pods-Smack.debug.xcconfig"; sourceTree = "<group>"; };
/* End PBXFileReference section */

/* Begin PBXFrameworksBuildPhase section */
		5B19DA731FB17BC1005831B6 /* Frameworks */ = {
			isa = PBXFrameworksBuildPhase;
			buildActionMask = 2147483647;
			files = (
				8D8DFBFB1D0FC7AF485812AB /* Pods_Smack.framework in Frameworks */,
			);
			runOnlyForDeploymentPostprocessing = 0;
		};
/* End PBXFrameworksBuildPhase section */

/* Begin PBXGroup section */
		5B19DA6D1FB17BC1005831B6 = {
			isa = PBXGroup;
			children = (
				5B19DA781FB17BC1005831B6 /* Smack */,
				5B19DA771FB17BC1005831B6 /* Products */,
				70A40C85CBF48AEB93885DBA /* Pods */,
				B5502F60BFC04BD9B2F9BDCC /* Frameworks */,
			);
			sourceTree = "<group>";
		};
		5B19DA771FB17BC1005831B6 /* Products */ = {
			isa = PBXGroup;
			children = (
				5B19DA761FB17BC1005831B6 /* Smack.app */,
			);
			name = Products;
			sourceTree = "<group>";
		};
		5B19DA781FB17BC1005831B6 /* Smack */ = {
			isa = PBXGroup;
			children = (
				5B84B9F41FBA7EEB00F44A2E /* Services */,
				5B8872AA1FB2E65F00E81F25 /* Utilities */,
				5B19DA921FB28061005831B6 /* Model */,
				5B19DA911FB2805C005831B6 /* View */,
				5B19DA901FB28048005831B6 /* Controller */,
				5B19DA8B1FB27D3E005831B6 /* Supporting Files */,
				5B19DA791FB17BC1005831B6 /* AppDelegate.swift */,
				5B19DA7D1FB17BC1005831B6 /* Main.storyboard */,
				5B19DA801FB17BC1005831B6 /* Assets.xcassets */,
				5B19DA821FB17BC1005831B6 /* LaunchScreen.storyboard */,
				5B19DA851FB17BC1005831B6 /* Info.plist */,
			);
			path = Smack;
			sourceTree = "<group>";
		};
		5B19DA8B1FB27D3E005831B6 /* Supporting Files */ = {
			isa = PBXGroup;
			children = (
				5B19DA8E1FB27D79005831B6 /* SWRevealViewController.h */,
				5B19DA8D1FB27D79005831B6 /* SWRevealViewController.m */,
				5B19DA8C1FB27D78005831B6 /* Smack-Bridging-Header.h */,
			);
			path = "Supporting Files";
			sourceTree = "<group>";
		};
		5B19DA901FB28048005831B6 /* Controller */ = {
			isa = PBXGroup;
			children = (
				5B19DA931FB28083005831B6 /* ChatVC.swift */,
				5B19DA951FB28096005831B6 /* ChannelVC.swift */,
				5B962F6A1FB35680001B1EC9 /* LoginVC.swift */,
				5B962F6C1FB35962001B1EC9 /* CreateAccountVC.swift */,
			);
			path = Controller;
			sourceTree = "<group>";
		};
		5B19DA911FB2805C005831B6 /* View */ = {
			isa = PBXGroup;
			children = (
				5B19DA971FB285F6005831B6 /* GradientView.swift */,
			);
			path = View;
			sourceTree = "<group>";
		};
		5B19DA921FB28061005831B6 /* Model */ = {
			isa = PBXGroup;
			children = (
			);
			path = Model;
			sourceTree = "<group>";
		};
		5B84B9F41FBA7EEB00F44A2E /* Services */ = {
			isa = PBXGroup;
			children = (
				5B84B9F51FBA7F0300F44A2E /* AuthService.swift */,
			);
			path = Services;
			sourceTree = "<group>";
		};
		5B8872AA1FB2E65F00E81F25 /* Utilities */ = {
			isa = PBXGroup;
			children = (
				5B8872AB1FB2E67200E81F25 /* Constants.swift */,
			);
			path = Utilities;
			sourceTree = "<group>";
		};
		70A40C85CBF48AEB93885DBA /* Pods */ = {
			isa = PBXGroup;
			children = (
				B437EBE7B54F9F87752C19DF /* Pods-Smack.debug.xcconfig */,
				264138431EAB49890F5A50F7 /* Pods-Smack.release.xcconfig */,
			);
			name = Pods;
			sourceTree = "<group>";
		};
		B5502F60BFC04BD9B2F9BDCC /* Frameworks */ = {
			isa = PBXGroup;
			children = (
				0FBE310468D2F4289CF60B85 /* Pods_Smack.framework */,
			);
			name = Frameworks;
			sourceTree = "<group>";
		};
/* End PBXGroup section */

/* Begin PBXNativeTarget section */
		5B19DA751FB17BC1005831B6 /* Smack */ = {
			isa = PBXNativeTarget;
			buildConfigurationList = 5B19DA881FB17BC1005831B6 /* Build configuration list for PBXNativeTarget "Smack" */;
			buildPhases = (
				9F5AF7EE9E87DA01A7ACAF79 /* [CP] Check Pods Manifest.lock */,
				5B19DA721FB17BC1005831B6 /* Sources */,
				5B19DA731FB17BC1005831B6 /* Frameworks */,
				5B19DA741FB17BC1005831B6 /* Resources */,
				4A01AA57FD018A750FDADC42 /* [CP] Embed Pods Frameworks */,
				CE5FBC9A07CF6137C98EF7E5 /* [CP] Copy Pods Resources */,
			);
			buildRules = (
			);
			dependencies = (
			);
			name = Smack;
			productName = Smack;
			productReference = 5B19DA761FB17BC1005831B6 /* Smack.app */;
			productType = "com.apple.product-type.application";
		};
/* End PBXNativeTarget section */

/* Begin PBXProject section */
		5B19DA6E1FB17BC1005831B6 /* Project object */ = {
			isa = PBXProject;
			attributes = {
				LastSwiftUpdateCheck = 0910;
				LastUpgradeCheck = 0910;
				ORGANIZATIONNAME = "Alexander Nelson";
				TargetAttributes = {
					5B19DA751FB17BC1005831B6 = {
						CreatedOnToolsVersion = 9.1;
						LastSwiftMigration = 0910;
						ProvisioningStyle = Automatic;
					};
				};
			};
			buildConfigurationList = 5B19DA711FB17BC1005831B6 /* Build configuration list for PBXProject "Smack" */;
			compatibilityVersion = "Xcode 8.0";
			developmentRegion = en;
			hasScannedForEncodings = 0;
			knownRegions = (
				en,
				Base,
			);
			mainGroup = 5B19DA6D1FB17BC1005831B6;
			productRefGroup = 5B19DA771FB17BC1005831B6 /* Products */;
			projectDirPath = "";
			projectRoot = "";
			targets = (
				5B19DA751FB17BC1005831B6 /* Smack */,
			);
		};
/* End PBXProject section */

/* Begin PBXResourcesBuildPhase section */
		5B19DA741FB17BC1005831B6 /* Resources */ = {
			isa = PBXResourcesBuildPhase;
			buildActionMask = 2147483647;
			files = (
				5B19DA841FB17BC1005831B6 /* LaunchScreen.storyboard in Resources */,
				5B19DA811FB17BC1005831B6 /* Assets.xcassets in Resources */,
				5B19DA7F1FB17BC1005831B6 /* Main.storyboard in Resources */,
			);
			runOnlyForDeploymentPostprocessing = 0;
		};
/* End PBXResourcesBuildPhase section */

/* Begin PBXShellScriptBuildPhase section */
		4A01AA57FD018A750FDADC42 /* [CP] Embed Pods Frameworks */ = {
			isa = PBXShellScriptBuildPhase;
			buildActionMask = 2147483647;
			files = (
			);
			inputPaths = (
			);
			name = "[CP] Embed Pods Frameworks";
			outputPaths = (
			);
			runOnlyForDeploymentPostprocessing = 0;
			shellPath = /bin/sh;
			shellScript = "\"${SRCROOT}/Pods/Target Support Files/Pods-Smack/Pods-Smack-frameworks.sh\"\n";
			showEnvVarsInLog = 0;
		};
		9F5AF7EE9E87DA01A7ACAF79 /* [CP] Check Pods Manifest.lock */ = {
			isa = PBXShellScriptBuildPhase;
			buildActionMask = 2147483647;
			files = (
			);
			inputPaths = (
			);
			name = "[CP] Check Pods Manifest.lock";
			outputPaths = (
			);
			runOnlyForDeploymentPostprocessing = 0;
			shellPath = /bin/sh;
			shellScript = "diff \"${PODS_ROOT}/../Podfile.lock\" \"${PODS_ROOT}/Manifest.lock\" > /dev/null\nif [ $? != 0 ] ; then\n    # print error to STDERR\n    echo \"error: The sandbox is not in sync with the Podfile.lock. Run 'pod install' or update your CocoaPods installation.\" >&2\n    exit 1\nfi\n";
			showEnvVarsInLog = 0;
		};
		CE5FBC9A07CF6137C98EF7E5 /* [CP] Copy Pods Resources */ = {
			isa = PBXShellScriptBuildPhase;
			buildActionMask = 2147483647;
			files = (
			);
			inputPaths = (
			);
			name = "[CP] Copy Pods Resources";
			outputPaths = (
			);
			runOnlyForDeploymentPostprocessing = 0;
			shellPath = /bin/sh;
			shellScript = "\"${SRCROOT}/Pods/Target Support Files/Pods-Smack/Pods-Smack-resources.sh\"\n";
			showEnvVarsInLog = 0;
		};
/* End PBXShellScriptBuildPhase section */

/* Begin PBXSourcesBuildPhase section */
		5B19DA721FB17BC1005831B6 /* Sources */ = {
			isa = PBXSourcesBuildPhase;
			buildActionMask = 2147483647;
			files = (
				5B19DA961FB28096005831B6 /* ChannelVC.swift in Sources */,
				5B19DA941FB28083005831B6 /* ChatVC.swift in Sources */,
				5B962F6D1FB35962001B1EC9 /* CreateAccountVC.swift in Sources */,
				5B84B9F61FBA7F0300F44A2E /* AuthService.swift in Sources */,
				5B962F6B1FB35680001B1EC9 /* LoginVC.swift in Sources */,
				5B19DA981FB285F6005831B6 /* GradientView.swift in Sources */,
				5B19DA7A1FB17BC1005831B6 /* AppDelegate.swift in Sources */,
				5B19DA8F1FB27D79005831B6 /* SWRevealViewController.m in Sources */,
				5B8872AC1FB2E67200E81F25 /* Constants.swift in Sources */,
			);
			runOnlyForDeploymentPostprocessing = 0;
		};
/* End PBXSourcesBuildPhase section */

/* Begin PBXVariantGroup section */
		5B19DA7D1FB17BC1005831B6 /* Main.storyboard */ = {
			isa = PBXVariantGroup;
			children = (
				5B19DA7E1FB17BC1005831B6 /* Base */,
			);
			name = Main.storyboard;
			sourceTree = "<group>";
		};
		5B19DA821FB17BC1005831B6 /* LaunchScreen.storyboard */ = {
			isa = PBXVariantGroup;
			children = (
				5B19DA831FB17BC1005831B6 /* Base */,
			);
			name = LaunchScreen.storyboard;
			sourceTree = "<group>";
		};
/* End PBXVariantGroup section */

/* Begin XCBuildConfiguration section */
		5B19DA861FB17BC1005831B6 /* Debug */ = {
			isa = XCBuildConfiguration;
			buildSettings = {
				ALWAYS_SEARCH_USER_PATHS = NO;
				CLANG_ANALYZER_NONNULL = YES;
				CLANG_ANALYZER_NUMBER_OBJECT_CONVERSION = YES_AGGRESSIVE;
				CLANG_CXX_LANGUAGE_STANDARD = "gnu++14";
				CLANG_CXX_LIBRARY = "libc++";
				CLANG_ENABLE_MODULES = YES;
				CLANG_ENABLE_OBJC_ARC = YES;
				CLANG_WARN_BLOCK_CAPTURE_AUTORELEASING = YES;
				CLANG_WARN_BOOL_CONVERSION = YES;
				CLANG_WARN_COMMA = YES;
				CLANG_WARN_CONSTANT_CONVERSION = YES;
				CLANG_WARN_DIRECT_OBJC_ISA_USAGE = YES_ERROR;
				CLANG_WARN_DOCUMENTATION_COMMENTS = YES;
				CLANG_WARN_EMPTY_BODY = YES;
				CLANG_WARN_ENUM_CONVERSION = YES;
				CLANG_WARN_INFINITE_RECURSION = YES;
				CLANG_WARN_INT_CONVERSION = YES;
				CLANG_WARN_NON_LITERAL_NULL_CONVERSION = YES;
				CLANG_WARN_OBJC_LITERAL_CONVERSION = YES;
				CLANG_WARN_OBJC_ROOT_CLASS = YES_ERROR;
				CLANG_WARN_RANGE_LOOP_ANALYSIS = YES;
				CLANG_WARN_STRICT_PROTOTYPES = YES;
				CLANG_WARN_SUSPICIOUS_MOVE = YES;
				CLANG_WARN_UNGUARDED_AVAILABILITY = YES_AGGRESSIVE;
				CLANG_WARN_UNREACHABLE_CODE = YES;
				CLANG_WARN__DUPLICATE_METHOD_MATCH = YES;
				CODE_SIGN_IDENTITY = "iPhone Developer";
				COPY_PHASE_STRIP = NO;
				DEBUG_INFORMATION_FORMAT = dwarf;
				ENABLE_STRICT_OBJC_MSGSEND = YES;
				ENABLE_TESTABILITY = YES;
				GCC_C_LANGUAGE_STANDARD = gnu11;
				GCC_DYNAMIC_NO_PIC = NO;
				GCC_NO_COMMON_BLOCKS = YES;
				GCC_OPTIMIZATION_LEVEL = 0;
				GCC_PREPROCESSOR_DEFINITIONS = (
					"DEBUG=1",
					"$(inherited)",
				);
				GCC_WARN_64_TO_32_BIT_CONVERSION = YES;
				GCC_WARN_ABOUT_RETURN_TYPE = YES_ERROR;
				GCC_WARN_UNDECLARED_SELECTOR = YES;
				GCC_WARN_UNINITIALIZED_AUTOS = YES_AGGRESSIVE;
				GCC_WARN_UNUSED_FUNCTION = YES;
				GCC_WARN_UNUSED_VARIABLE = YES;
				IPHONEOS_DEPLOYMENT_TARGET = 11.1;
				MTL_ENABLE_DEBUG_INFO = YES;
				ONLY_ACTIVE_ARCH = YES;
				SDKROOT = iphoneos;
				SWIFT_ACTIVE_COMPILATION_CONDITIONS = DEBUG;
				SWIFT_OPTIMIZATION_LEVEL = "-Onone";
			};
			name = Debug;
		};
		5B19DA871FB17BC1005831B6 /* Release */ = {
			isa = XCBuildConfiguration;
			buildSettings = {
				ALWAYS_SEARCH_USER_PATHS = NO;
				CLANG_ANALYZER_NONNULL = YES;
				CLANG_ANALYZER_NUMBER_OBJECT_CONVERSION = YES_AGGRESSIVE;
				CLANG_CXX_LANGUAGE_STANDARD = "gnu++14";
				CLANG_CXX_LIBRARY = "libc++";
				CLANG_ENABLE_MODULES = YES;
				CLANG_ENABLE_OBJC_ARC = YES;
				CLANG_WARN_BLOCK_CAPTURE_AUTORELEASING = YES;
				CLANG_WARN_BOOL_CONVERSION = YES;
				CLANG_WARN_COMMA = YES;
				CLANG_WARN_CONSTANT_CONVERSION = YES;
				CLANG_WARN_DIRECT_OBJC_ISA_USAGE = YES_ERROR;
				CLANG_WARN_DOCUMENTATION_COMMENTS = YES;
				CLANG_WARN_EMPTY_BODY = YES;
				CLANG_WARN_ENUM_CONVERSION = YES;
				CLANG_WARN_INFINITE_RECURSION = YES;
				CLANG_WARN_INT_CONVERSION = YES;
				CLANG_WARN_NON_LITERAL_NULL_CONVERSION = YES;
				CLANG_WARN_OBJC_LITERAL_CONVERSION = YES;
				CLANG_WARN_OBJC_ROOT_CLASS = YES_ERROR;
				CLANG_WARN_RANGE_LOOP_ANALYSIS = YES;
				CLANG_WARN_STRICT_PROTOTYPES = YES;
				CLANG_WARN_SUSPICIOUS_MOVE = YES;
				CLANG_WARN_UNGUARDED_AVAILABILITY = YES_AGGRESSIVE;
				CLANG_WARN_UNREACHABLE_CODE = YES;
				CLANG_WARN__DUPLICATE_METHOD_MATCH = YES;
				CODE_SIGN_IDENTITY = "iPhone Developer";
				COPY_PHASE_STRIP = NO;
				DEBUG_INFORMATION_FORMAT = "dwarf-with-dsym";
				ENABLE_NS_ASSERTIONS = NO;
				ENABLE_STRICT_OBJC_MSGSEND = YES;
				GCC_C_LANGUAGE_STANDARD = gnu11;
				GCC_NO_COMMON_BLOCKS = YES;
				GCC_WARN_64_TO_32_BIT_CONVERSION = YES;
				GCC_WARN_ABOUT_RETURN_TYPE = YES_ERROR;
				GCC_WARN_UNDECLARED_SELECTOR = YES;
				GCC_WARN_UNINITIALIZED_AUTOS = YES_AGGRESSIVE;
				GCC_WARN_UNUSED_FUNCTION = YES;
				GCC_WARN_UNUSED_VARIABLE = YES;
				IPHONEOS_DEPLOYMENT_TARGET = 11.1;
				MTL_ENABLE_DEBUG_INFO = NO;
				SDKROOT = iphoneos;
				SWIFT_OPTIMIZATION_LEVEL = "-Owholemodule";
				VALIDATE_PRODUCT = YES;
			};
			name = Release;
		};
		5B19DA891FB17BC1005831B6 /* Debug */ = {
			isa = XCBuildConfiguration;
			baseConfigurationReference = B437EBE7B54F9F87752C19DF /* Pods-Smack.debug.xcconfig */;
			buildSettings = {
				ASSETCATALOG_COMPILER_APPICON_NAME = AppIcon;
				CLANG_ENABLE_MODULES = YES;
				CODE_SIGN_STYLE = Automatic;
				DEVELOPMENT_TEAM = 488S434FF3;
				INFOPLIST_FILE = Smack/Info.plist;
				LD_RUNPATH_SEARCH_PATHS = "$(inherited) @executable_path/Frameworks";
				PRODUCT_BUNDLE_IDENTIFIER = edu.cmu.andrew.atnelson.Smack;
				PRODUCT_NAME = "$(TARGET_NAME)";
				SWIFT_OBJC_BRIDGING_HEADER = "Smack/Supporting Files/Smack-Bridging-Header.h";
				SWIFT_OPTIMIZATION_LEVEL = "-Onone";
				SWIFT_VERSION = 4.0;
				TARGETED_DEVICE_FAMILY = "1,2";
			};
			name = Debug;
		};
		5B19DA8A1FB17BC1005831B6 /* Release */ = {
			isa = XCBuildConfiguration;
			baseConfigurationReference = 264138431EAB49890F5A50F7 /* Pods-Smack.release.xcconfig */;
			buildSettings = {
				ASSETCATALOG_COMPILER_APPICON_NAME = AppIcon;
				CLANG_ENABLE_MODULES = YES;
				CODE_SIGN_STYLE = Automatic;
				DEVELOPMENT_TEAM = 488S434FF3;
				INFOPLIST_FILE = Smack/Info.plist;
				LD_RUNPATH_SEARCH_PATHS = "$(inherited) @executable_path/Frameworks";
				PRODUCT_BUNDLE_IDENTIFIER = edu.cmu.andrew.atnelson.Smack;
				PRODUCT_NAME = "$(TARGET_NAME)";
				SWIFT_OBJC_BRIDGING_HEADER = "Smack/Supporting Files/Smack-Bridging-Header.h";
				SWIFT_VERSION = 4.0;
				TARGETED_DEVICE_FAMILY = "1,2";
			};
			name = Release;
		};
/* End XCBuildConfiguration section */

/* Begin XCConfigurationList section */
		5B19DA711FB17BC1005831B6 /* Build configuration list for PBXProject "Smack" */ = {
			isa = XCConfigurationList;
			buildConfigurations = (
				5B19DA861FB17BC1005831B6 /* Debug */,
				5B19DA871FB17BC1005831B6 /* Release */,
			);
			defaultConfigurationIsVisible = 0;
			defaultConfigurationName = Release;
		};
		5B19DA881FB17BC1005831B6 /* Build configuration list for PBXNativeTarget "Smack" */ = {
			isa = XCConfigurationList;
			buildConfigurations = (
				5B19DA891FB17BC1005831B6 /* Debug */,
				5B19DA8A1FB17BC1005831B6 /* Release */,
			);
			defaultConfigurationIsVisible = 0;
			defaultConfigurationName = Release;
		};
/* End XCConfigurationList section */
	};
	rootObject = 5B19DA6E1FB17BC1005831B6 /* Project object */;
}
